{
  "name": "@supertokens-plugin-profile/tenants-backend",
  "version": "0.0.1",
  "lockfileVersion": 1,
  "requires": true,
  "dependencies": {
    "@types/node": {
      "version": "24.2.0",
      "resolved": "https://registry.npmjs.org/@types/node/-/node-24.2.0.tgz",
      "integrity": "sha512-3xyG3pMCq3oYCNg7/ZP+E1ooTaGB4cG8JWRsqqOYQdbWNY4zbaV0Ennrd7stjiJEFZCaybcIgpTjJWHRfBSIDw==",
      "dev": true,
      "requires": {
        "undici-types": "~7.10.0"
      }
    },
    "@types/nodemailer": {
      "version": "6.4.17",
      "resolved": "https://registry.npmjs.org/@types/nodemailer/-/nodemailer-6.4.17.tgz",
      "integrity": "sha512-I9CCaIp6DTldEg7vyUTZi8+9Vo0hi1/T8gv3C89yk1rSAAzoKQ8H8ki/jBYJSFoH/BisgLP8tkZMlQ91CIquww==",
      "dev": true,
      "requires": {
        "@types/node": "*"
      }
    },
    "undici-types": {
      "version": "7.10.0",
      "resolved": "https://registry.npmjs.org/undici-types/-/undici-types-7.10.0.tgz",
      "integrity": "sha512-t5Fy/nfn+14LuOc2KNYg75vZqClpAiqscVvMygNnlsHBFpSXdJaYtXMcdNLpl/Qvc3P2cB3s6lOV51nqsFq4ag==",
      "dev": true
    }
  }
}
